
Microsoft Visual Studio Solution File, Format Version 12.00
# Visual Studio Version 17
VisualStudioVersion = 17.10.35122.118
MinimumVisualStudioVersion = 10.0.40219.1
Project("{9A19103F-16F7-4668-BE54-9A1E7A4F7556}") = "pawd.CoreLibrary.Logging", "Logging\pawd.CoreLibrary.Logging.csproj", "{64FBF340-F137-44E7-8706-3F26D9F3B179}"
EndProject
Project("{9A19103F-16F7-4668-BE54-9A1E7A4F7556}") = "pawd.CoreLibrary.HalForms", "HALForms\pawd.CoreLibrary.HalForms.csproj", "{F3621C1A-5F2A-4C53-85BD-6A2EE1A28729}"
EndProject
Project("{9A19103F-16F7-4668-BE54-9A1E7A4F7556}") = "pawd.CoreLibrary.Hal", "pawd.CoreLibrary.Hal\pawd.CoreLibrary.Hal.csproj", "{B9A3B002-0D05-4AAC-80C7-9EA75FFD1B30}"
EndProject
Project("{FAE04EC0-301F-11D3-BF4B-00C04F79EFBC}") = "pawd.CoreLibrary.JobRabbitMqBridge", "pawd.CoreLibrary.JobRabbitMqBridge\pawd.CoreLibrary.JobRabbitMqBridge.csproj", "{53B0E25E-2E5C-4AB7-8A75-97754045E365}"
EndProject
Global
	GlobalSection(SolutionConfigurationPlatforms) = preSolution
		Debug|Any CPU = Debug|Any CPU
		Release|Any CPU = Release|Any CPU
	EndGlobalSection
	GlobalSection(ProjectConfigurationPlatforms) = postSolution
		{64FBF340-F137-44E7-8706-3F26D9F3B179}.Debug|Any CPU.ActiveCfg = Debug|Any CPU
		{64FBF340-F137-44E7-8706-3F26D9F3B179}.Debug|Any CPU.Build.0 = Debug|Any CPU
		{64FBF340-F137-44E7-8706-3F26D9F3B179}.Release|Any CPU.ActiveCfg = Release|Any CPU
		{64FBF340-F137-44E7-8706-3F26D9F3B179}.Release|Any CPU.Build.0 = Release|Any CPU
		{F3621C1A-5F2A-4C53-85BD-6A2EE1A28729}.Debug|Any CPU.ActiveCfg = Debug|Any CPU
		{F3621C1A-5F2A-4C53-85BD-6A2EE1A28729}.Debug|Any CPU.Build.0 = Debug|Any CPU
		{F3621C1A-5F2A-4C53-85BD-6A2EE1A28729}.Release|Any CPU.ActiveCfg = Release|Any CPU
		{F3621C1A-5F2A-4C53-85BD-6A2EE1A28729}.Release|Any CPU.Build.0 = Release|Any CPU
		{B9A3B002-0D05-4AAC-80C7-9EA75FFD1B30}.Debug|Any CPU.ActiveCfg = Debug|Any CPU
		{B9A3B002-0D05-4AAC-80C7-9EA75FFD1B30}.Debug|Any CPU.Build.0 = Debug|Any CPU
		{B9A3B002-0D05-4AAC-80C7-9EA75FFD1B30}.Release|Any CPU.ActiveCfg = Release|Any CPU
		{B9A3B002-0D05-4AAC-80C7-9EA75FFD1B30}.Release|Any CPU.Build.0 = Release|Any CPU
		{53B0E25E-2E5C-4AB7-8A75-97754045E365}.Debug|Any CPU.ActiveCfg = Debug|Any CPU
		{53B0E25E-2E5C-4AB7-8A75-97754045E365}.Debug|Any CPU.Build.0 = Debug|Any CPU
		{53B0E25E-2E5C-4AB7-8A75-97754045E365}.Release|Any CPU.ActiveCfg = Release|Any CPU
		{53B0E25E-2E5C-4AB7-8A75-97754045E365}.Release|Any CPU.Build.0 = Release|Any CPU
	EndGlobalSection
	GlobalSection(SolutionProperties) = preSolution
		HideSolutionNode = FALSE
	EndGlobalSection
	GlobalSection(ExtensibilityGlobals) = postSolution
		SolutionGuid = {65D8C317-3BFA-4E91-9D56-1632BCE2B9F4}
	EndGlobalSection
EndGlobal
